
Microsoft Visual Studio Solution File, Format Version 12.00
# Visual Studio Version 17
VisualStudioVersion = 17.9.34728.123
MinimumVisualStudioVersion = 10.0.40219.1
Project("{8BC9CEB8-8B4A-11D0-8D11-00A0C91BC942}") = "usbtest", "usbtest\usbtest.vcxproj", "{7BE90D25-AF1B-4BAA-84FF-1AA7B30B47EA}"
EndProject
Global
	GlobalSection(SolutionConfigurationPlatforms) = preSolution
		Debug|x64 = Debug|x64
		Debug|x86 = Debug|x86
		Release|x64 = Release|x64
		Release|x86 = Release|x86
	EndGlobalSection
	GlobalSection(ProjectConfigurationPlatforms) = postSolution
		{7BE90D25-AF1B-4BAA-84FF-1AA7B30B47EA}.Debug|x64.ActiveCfg = Debug|x64
		{7BE90D25-AF1B-4BAA-84FF-1AA7B30B47EA}.Debug|x64.Build.0 = Debug|x64
		{7BE90D25-AF1B-4BAA-84FF-1AA7B30B47EA}.Debug|x86.ActiveCfg = Debug|Win32
		{7BE90D25-AF1B-4BAA-84FF-1AA7B30B47EA}.Debug|x86.Build.0 = Debug|Win32
		{7BE90D25-AF1B-4BAA-84FF-1AA7B30B47EA}.Release|x64.ActiveCfg = Release|x64
		{7BE90D25-AF1B-4BAA-84FF-1AA7B30B47EA}.Release|x64.Build.0 = Release|x64
		{7BE90D25-AF1B-4BAA-84FF-1AA7B30B47EA}.Release|x86.ActiveCfg = Release|Win32
		{7BE90D25-AF1B-4BAA-84FF-1AA7B30B47EA}.Release|x86.Build.0 = Release|Win32
	EndGlobalSection
	GlobalSection(SolutionProperties) = preSolution
		HideSolutionNode = FALSE
	EndGlobalSection
	GlobalSection(ExtensibilityGlobals) = postSolution
		SolutionGuid = {969CB00E-1BB3-4B25-B147-21A492BCDB6D}
	EndGlobalSection
EndGlobal
